github.com/gorilla/websocket v1.5.3 h1:saDtZ6Pbx/0u+bgYQ3q96pZgCzfhKXGPqt7kZ72aNNg=
github.com/gorilla/websocket v1.5.3/go.mod h1:YR8l580nyteQvAITg2hZ9XVh4b55+EU/adAjf1fMHhE=
github.com/vela-ssoc/vela-common-mba v0.0.0-20250928005923-9d4347f22033 h1:kI2L/pq2XCuoTZ8eGZt/USK6IlueI7MJ1OUSYAFpDC8=
github.com/vela-ssoc/vela-common-mba v0.0.0-20250928005923-9d4347f22033/go.mod h1:DMN/az9fN2p0mJ1CNouJjsEJWs69Ucqbtq34DOCaTlc=
golang.org/x/sys v0.37.0 h1:fdNQudmxPjkdUTPnLn5mdQv7Zwvbvpaxqs831goi9kQ=
golang.org/x/sys v0.37.0/go.mod h1:OgkHotnGiDImocRcuBABYBEXf8A9a87e/uXjp9XT3ks=
golang.org/x/sys v0.38.0 h1:3yZWxaJjBmCWXqhN1qh02AkOnCQ1poK6oF+a7xWL6Gc=
golang.org/x/sys v0.38.0/go.mod h1:OgkHotnGiDImocRcuBABYBEXf8A9a87e/uXjp9XT3ks=
