github.com/gorilla/websocket v1.5.1 h1:gmztn0JnHVt9JZquRuzLw3g4wouNVzKL15iLr/zn/QY=
github.com/gorilla/websocket v1.5.1/go.mod h1:x3kM2JMyaluk02fnUJpQuwD2dCS5NDG2ZHL0uE0tcaY=
github.com/vela-ssoc/vela-common-mba v0.0.0-20231110031019-8401a542e951 h1:LXBFdj77Uu7GapPTrXg8BRt+1Q2m06GBxTzkv41vNwY=
github.com/vela-ssoc/vela-common-mba v0.0.0-20231110031019-8401a542e951/go.mod h1:FEaDUNnUyo5ZMXUjs9YQL7ZqxGwKkeau3hmnUKxKUOw=
golang.org/x/net v0.18.0 h1:mIYleuAkSbHh0tCv7RvjL3F6ZVbLjq4+R7zbOn3Kokg=
golang.org/x/net v0.18.0/go.mod h1:/czyP5RqHAH4odGYxBJ1qz0+CE5WZ+2j1YgoEo8F2jQ=
