github.com/gorilla/websocket v1.5.0 h1:PPwGk2jz7EePpoHN/+ClbZu8SPxiqlu12wZP/3sWmnc=
github.com/gorilla/websocket v1.5.0/go.mod h1:YR8l580nyteQvAITg2hZ9XVh4b55+EU/adAjf1fMHhE=
github.com/vela-ssoc/vela-common-mba v0.0.0-20230621095900-4f52d5f629a9 h1:SNs3thlnymqzuhCR5u1nNBq2JFNyo92eUh1u/Wk+61Y=
github.com/vela-ssoc/vela-common-mba v0.0.0-20230621095900-4f52d5f629a9/go.mod h1:RtyZ5K1PlR1hkfE/cf6IRt1JKm6bXkk8A8l2GJ2fnsM=
